// !$*UTF8*$!
{
	archiveVersion = 1;
	classes = {
	};
	objectVersion = 50;
	objects = {

/* Begin PBXBuildFile section */
		067E12392408269F00F7AC82 /* CreationViewController.swift in Sources */ = {isa = PBXBuildFile; fileRef = 067E12382408269F00F7AC82 /* CreationViewController.swift */; };
		06E22F1423F876F40012622B /* AppDelegate.swift in Sources */ = {isa = PBXBuildFile; fileRef = 06E22F1323F876F40012622B /* AppDelegate.swift */; };
		06E22F1623F876F40012622B /* SceneDelegate.swift in Sources */ = {isa = PBXBuildFile; fileRef = 06E22F1523F876F40012622B /* SceneDelegate.swift */; };
		06E22F1823F876F40012622B /* ViewController.swift in Sources */ = {isa = PBXBuildFile; fileRef = 06E22F1723F876F40012622B /* ViewController.swift */; };
		06E22F1B23F876F40012622B /* Main.storyboard in Resources */ = {isa = PBXBuildFile; fileRef = 06E22F1923F876F40012622B /* Main.storyboard */; };
		06E22F1D23F876F70012622B /* Assets.xcassets in Resources */ = {isa = PBXBuildFile; fileRef = 06E22F1C23F876F70012622B /* Assets.xcassets */; };
		06E22F2023F876F70012622B /* LaunchScreen.storyboard in Resources */ = {isa = PBXBuildFile; fileRef = 06E22F1E23F876F70012622B /* LaunchScreen.storyboard */; };
/* End PBXBuildFile section */

/* Begin PBXFileReference section */
		067E12382408269F00F7AC82 /* CreationViewController.swift */ = {isa = PBXFileReference; lastKnownFileType = sourcecode.swift; name = CreationViewController.swift; path = "Flashy Cards/CreationViewController.swift"; sourceTree = "<group>"; };
		06E22F1023F876F40012622B /* Flashy Cards.app */ = {isa = PBXFileReference; explicitFileType = wrapper.application; includeInIndex = 0; path = "Flashy Cards.app"; sourceTree = BUILT_PRODUCTS_DIR; };
		06E22F1323F876F40012622B /* AppDelegate.swift */ = {isa = PBXFileReference; lastKnownFileType = sourcecode.swift; path = AppDelegate.swift; sourceTree = "<group>"; };
		06E22F1523F876F40012622B /* SceneDelegate.swift */ = {isa = PBXFileReference; lastKnownFileType = sourcecode.swift; path = SceneDelegate.swift; sourceTree = "<group>"; };
		06E22F1723F876F40012622B /* ViewController.swift */ = {isa = PBXFileReference; lastKnownFileType = sourcecode.swift; path = ViewController.swift; sourceTree = "<group>"; };
		06E22F1A23F876F40012622B /* Base */ = {isa = PBXFileReference; lastKnownFileType = file.storyboard; name = Base; path = Base.lproj/Main.storyboard; sourceTree = "<group>"; };
		06E22F1C23F876F70012622B /* Assets.xcassets */ = {isa = PBXFileReference; lastKnownFileType = folder.assetcatalog; path = Assets.xcassets; sourceTree = "<group>"; };
		06E22F1F23F876F70012622B /* Base */ = {isa = PBXFileReference; lastKnownFileType = file.storyboard; name = Base; path = Base.lproj/LaunchScreen.storyboard; sourceTree = "<group>"; };
		06E22F2123F876F70012622B /* Info.plist */ = {isa = PBXFileReference; lastKnownFileType = text.plist.xml; path = Info.plist; sourceTree = "<group>"; };
/* End PBXFileReference section */

/* Begin PBXFrameworksBuildPhase section */
		06E22F0D23F876F40012622B /* Frameworks */ = {
			isa = PBXFrameworksBuildPhase;
			buildActionMask = 2147483647;
			files = (
			);
			runOnlyForDeploymentPostprocessing = 0;
		};
/* End PBXFrameworksBuildPhase section */

/* Begin PBXGroup section */
		06E22F0723F876F40012622B = {
			isa = PBXGroup;
			children = (
				067E12382408269F00F7AC82 /* CreationViewController.swift */,
				06E22F1223F876F40012622B /* Flashy Cards */,
				06E22F1123F876F40012622B /* Products */,
			);
			sourceTree = "<group>";
		};
		06E22F1123F876F40012622B /* Products */ = {
			isa = PBXGroup;
			children = (
				06E22F1023F876F40012622B /* Flashy Cards.app */,
			);
			name = Products;
			sourceTree = "<group>";
		};
		06E22F1223F876F40012622B /* Flashy Cards */ = {
			isa = PBXGroup;
			children = (
				06E22F1323F876F40012622B /* AppDelegate.swift */,
				06E22F1523F876F40012622B /* SceneDelegate.swift */,
				06E22F1723F876F40012622B /* ViewController.swift */,
				06E22F1923F876F40012622B /* Main.storyboard */,
				06E22F1C23F876F70012622B /* Assets.xcassets */,
				06E22F1E23F876F70012622B /* LaunchScreen.storyboard */,
				06E22F2123F876F70012622B /* Info.plist */,
			);
			path = "Flashy Cards";
			sourceTree = "<group>";
		};
/* End PBXGroup section */

/* Begin PBXNativeTarget section */
		06E22F0F23F876F40012622B /* Flashy Cards */ = {
			isa = PBXNativeTarget;
			buildConfigurationList = 06E22F2423F876F70012622B /* Build configuration list for PBXNativeTarget "Flashy Cards" */;
			buildPhases = (
				06E22F0C23F876F40012622B /* Sources */,
				06E22F0D23F876F40012622B /* Frameworks */,
				06E22F0E23F876F40012622B /* Resources */,
			);
			buildRules = (
			);
			dependencies = (
			);
			name = "Flashy Cards";
			productName = "Flashy Cards";
			productReference = 06E22F1023F876F40012622B /* Flashy Cards.app */;
			productType = "com.apple.product-type.application";
		};
/* End PBXNativeTarget section */

/* Begin PBXProject section */
		06E22F0823F876F40012622B /* Project object */ = {
			isa = PBXProject;
			attributes = {
				LastSwiftUpdateCheck = 1130;
				LastUpgradeCheck = 1130;
				ORGANIZATIONNAME = "Mira Mookerjee";
				TargetAttributes = {
					06E22F0F23F876F40012622B = {
						CreatedOnToolsVersion = 11.3.1;
					};
				};
			};
			buildConfigurationList = 06E22F0B23F876F40012622B /* Build configuration list for PBXProject "Flashy Cards" */;
			compatibilityVersion = "Xcode 9.3";
			developmentRegion = en;
			hasScannedForEncodings = 0;
			knownRegions = (
				en,
				Base,
			);
			mainGroup = 06E22F0723F876F40012622B;
			productRefGroup = 06E22F1123F876F40012622B /* Products */;
			projectDirPath = "";
			projectRoot = "";
			targets = (
				06E22F0F23F876F40012622B /* Flashy Cards */,
			);
		};
/* End PBXProject section */

/* Begin PBXResourcesBuildPhase section */
		06E22F0E23F876F40012622B /* Resources */ = {
			isa = PBXResourcesBuildPhase;
			buildActionMask = 2147483647;
			files = (
				06E22F2023F876F70012622B /* LaunchScreen.storyboard in Resources */,
				06E22F1D23F876F70012622B /* Assets.xcassets in Resources */,
				06E22F1B23F876F40012622B /* Main.storyboard in Resources */,
			);
			runOnlyForDeploymentPostprocessing = 0;
		};
/* End PBXResourcesBuildPhase section */

/* Begin PBXSourcesBuildPhase section */
		06E22F0C23F876F40012622B /* Sources */ = {
			isa = PBXSourcesBuildPhase;
			buildActionMask = 2147483647;
			files = (
				06E22F1823F876F40012622B /* ViewController.swift in Sources */,
				06E22F1423F876F40012622B /* AppDelegate.swift in Sources */,
				06E22F1623F876F40012622B /* SceneDelegate.swift in Sources */,
				067E12392408269F00F7AC82 /* CreationViewController.swift in Sources */,
			);
			runOnlyForDeploymentPostprocessing = 0;
		};
/* End PBXSourcesBuildPhase section */

/* Begin PBXVariantGroup section */
		06E22F1923F876F40012622B /* Main.storyboard */ = {
			isa = PBXVariantGroup;
			children = (
				06E22F1A23F876F40012622B /* Base */,
			);
			name = Main.storyboard;
			sourceTree = "<group>";
		};
		06E22F1E23F876F70012622B /* LaunchScreen.storyboard */ = {
			isa = PBXVariantGroup;
			children = (
				06E22F1F23F876F70012622B /* Base */,
			);
			name = LaunchScreen.storyboard;
			sourceTree = "<group>";
		};
/* End PBXVariantGroup section */

/* Begin XCBuildConfiguration section */
		06E22F2223F876F70012622B /* Debug */ = {
			isa = XCBuildConfiguration;
			buildSettings = {
				ALWAYS_SEARCH_USER_PATHS = NO;
				CLANG_ANALYZER_NONNULL = YES;
				CLANG_ANALYZER_NUMBER_OBJECT_CONVERSION = YES_AGGRESSIVE;
				CLANG_CXX_LANGUAGE_STANDARD = "gnu++14";
				CLANG_CXX_LIBRARY = "libc++";
				CLANG_ENABLE_MODULES = YES;
				CLANG_ENABLE_OBJC_ARC = YES;
				CLANG_ENABLE_OBJC_WEAK = YES;
				CLANG_WARN_BLOCK_CAPTURE_AUTORELEASING = YES;
				CLANG_WARN_BOOL_CONVERSION = YES;
				CLANG_WARN_COMMA = YES;
				CLANG_WARN_CONSTANT_CONVERSION = YES;
				CLANG_WARN_DEPRECATED_OBJC_IMPLEMENTATIONS = YES;
				CLANG_WARN_DIRECT_OBJC_ISA_USAGE = YES_ERROR;
				CLANG_WARN_DOCUMENTATION_COMMENTS = YES;
				CLANG_WARN_EMPTY_BODY = YES;
				CLANG_WARN_ENUM_CONVERSION = YES;
				CLANG_WARN_INFINITE_RECURSION = YES;
				CLANG_WARN_INT_CONVERSION = YES;
				CLANG_WARN_NON_LITERAL_NULL_CONVERSION = YES;
				CLANG_WARN_OBJC_IMPLICIT_RETAIN_SELF = YES;
				CLANG_WARN_OBJC_LITERAL_CONVERSION = YES;
				CLANG_WARN_OBJC_ROOT_CLASS = YES_ERROR;
				CLANG_WARN_RANGE_LOOP_ANALYSIS = YES;
				CLANG_WARN_STRICT_PROTOTYPES = YES;
				CLANG_WARN_SUSPICIOUS_MOVE = YES;
				CLANG_WARN_UNGUARDED_AVAILABILITY = YES_AGGRESSIVE;
				CLANG_WARN_UNREACHABLE_CODE = YES;
				CLANG_WARN__DUPLICATE_METHOD_MATCH = YES;
				COPY_PHASE_STRIP = NO;
				DEBUG_INFORMATION_FORMAT = dwarf;
				ENABLE_STRICT_OBJC_MSGSEND = YES;
				ENABLE_TESTABILITY = YES;
				GCC_C_LANGUAGE_STANDARD = gnu11;
				GCC_DYNAMIC_NO_PIC = NO;
				GCC_NO_COMMON_BLOCKS = YES;
				GCC_OPTIMIZATION_LEVEL = 0;
				GCC_PREPROCESSOR_DEFINITIONS = (
					"DEBUG=1",
					"$(inherited)",
				);
				GCC_WARN_64_TO_32_BIT_CONVERSION = YES;
				GCC_WARN_ABOUT_RETURN_TYPE = YES_ERROR;
				GCC_WARN_UNDECLARED_SELECTOR = YES;
				GCC_WARN_UNINITIALIZED_AUTOS = YES_AGGRESSIVE;
				GCC_WARN_UNUSED_FUNCTION = YES;
				GCC_WARN_UNUSED_VARIABLE = YES;
				IPHONEOS_DEPLOYMENT_TARGET = 13.2;
				MTL_ENABLE_DEBUG_INFO = INCLUDE_SOURCE;
				MTL_FAST_MATH = YES;
				ONLY_ACTIVE_ARCH = YES;
				SDKROOT = iphoneos;
				SWIFT_ACTIVE_COMPILATION_CONDITIONS = DEBUG;
				SWIFT_OPTIMIZATION_LEVEL = "-Onone";
			};
			name = Debug;
		};
		06E22F2323F876F70012622B /* Release */ = {
			isa = XCBuildConfiguration;
			buildSettings = {
				ALWAYS_SEARCH_USER_PATHS = NO;
				CLANG_ANALYZER_NONNULL = YES;
				CLANG_ANALYZER_NUMBER_OBJECT_CONVERSION = YES_AGGRESSIVE;
				CLANG_CXX_LANGUAGE_STANDARD = "gnu++14";
				CLANG_CXX_LIBRARY = "libc++";
				CLANG_ENABLE_MODULES = YES;
				CLANG_ENABLE_OBJC_ARC = YES;
				CLANG_ENABLE_OBJC_WEAK = YES;
				CLANG_WARN_BLOCK_CAPTURE_AUTORELEASING = YES;
				CLANG_WARN_BOOL_CONVERSION = YES;
				CLANG_WARN_COMMA = YES;
				CLANG_WARN_CONSTANT_CONVERSION = YES;
				CLANG_WARN_DEPRECATED_OBJC_IMPLEMENTATIONS = YES;
				CLANG_WARN_DIRECT_OBJC_ISA_USAGE = YES_ERROR;
				CLANG_WARN_DOCUMENTATION_COMMENTS = YES;
				CLANG_WARN_EMPTY_BODY = YES;
				CLANG_WARN_ENUM_CONVERSION = YES;
				CLANG_WARN_INFINITE_RECURSION = YES;
				CLANG_WARN_INT_CONVERSION = YES;
				CLANG_WARN_NON_LITERAL_NULL_CONVERSION = YES;
				CLANG_WARN_OBJC_IMPLICIT_RETAIN_SELF = YES;
				CLANG_WARN_OBJC_LITERAL_CONVERSION = YES;
				CLANG_WARN_OBJC_ROOT_CLASS = YES_ERROR;
				CLANG_WARN_RANGE_LOOP_ANALYSIS = YES;
				CLANG_WARN_STRICT_PROTOTYPES = YES;
				CLANG_WARN_SUSPICIOUS_MOVE = YES;
				CLANG_WARN_UNGUARDED_AVAILABILITY = YES_AGGRESSIVE;
				CLANG_WARN_UNREACHABLE_CODE = YES;
				CLANG_WARN__DUPLICATE_METHOD_MATCH = YES;
				COPY_PHASE_STRIP = NO;
				DEBUG_INFORMATION_FORMAT = "dwarf-with-dsym";
				ENABLE_NS_ASSERTIONS = NO;
				ENABLE_STRICT_OBJC_MSGSEND = YES;
				GCC_C_LANGUAGE_STANDARD = gnu11;
				GCC_NO_COMMON_BLOCKS = YES;
				GCC_WARN_64_TO_32_BIT_CONVERSION = YES;
				GCC_WARN_ABOUT_RETURN_TYPE = YES_ERROR;
				GCC_WARN_UNDECLARED_SELECTOR = YES;
				GCC_WARN_UNINITIALIZED_AUTOS = YES_AGGRESSIVE;
				GCC_WARN_UNUSED_FUNCTION = YES;
				GCC_WARN_UNUSED_VARIABLE = YES;
				IPHONEOS_DEPLOYMENT_TARGET = 13.2;
				MTL_ENABLE_DEBUG_INFO = NO;
				MTL_FAST_MATH = YES;
				SDKROOT = iphoneos;
				SWIFT_COMPILATION_MODE = wholemodule;
				SWIFT_OPTIMIZATION_LEVEL = "-O";
				VALIDATE_PRODUCT = YES;
			};
			name = Release;
		};
		06E22F2523F876F70012622B /* Debug */ = {
			isa = XCBuildConfiguration;
			buildSettings = {
				ASSETCATALOG_COMPILER_APPICON_NAME = AppIcon;
				CODE_SIGN_STYLE = Automatic;
				DEVELOPMENT_TEAM = G836PM478A;
				INFOPLIST_FILE = "Flashy Cards/Info.plist";
				LD_RUNPATH_SEARCH_PATHS = (
					"$(inherited)",
					"@executable_path/Frameworks",
				);
				PRODUCT_BUNDLE_IDENTIFIER = "com.miramookerjee.Flashy-Cards";
				PRODUCT_NAME = "$(TARGET_NAME)";
				SWIFT_VERSION = 5.0;
				TARGETED_DEVICE_FAMILY = "1,2";
			};
			name = Debug;
		};
		06E22F2623F876F70012622B /* Release */ = {
			isa = XCBuildConfiguration;
			buildSettings = {
				ASSETCATALOG_COMPILER_APPICON_NAME = AppIcon;
				CODE_SIGN_STYLE = Automatic;
				DEVELOPMENT_TEAM = G836PM478A;
				INFOPLIST_FILE = "Flashy Cards/Info.plist";
				LD_RUNPATH_SEARCH_PATHS = (
					"$(inherited)",
					"@executable_path/Frameworks",
				);
				PRODUCT_BUNDLE_IDENTIFIER = "com.miramookerjee.Flashy-Cards";
				PRODUCT_NAME = "$(TARGET_NAME)";
				SWIFT_VERSION = 5.0;
				TARGETED_DEVICE_FAMILY = "1,2";
			};
			name = Release;
		};
/* End XCBuildConfiguration section */

/* Begin XCConfigurationList section */
		06E22F0B23F876F40012622B /* Build configuration list for PBXProject "Flashy Cards" */ = {
			isa = XCConfigurationList;
			buildConfigurations = (
				06E22F2223F876F70012622B /* Debug */,
				06E22F2323F876F70012622B /* Release */,
			);
			defaultConfigurationIsVisible = 0;
			defaultConfigurationName = Release;
		};
		06E22F2423F876F70012622B /* Build configuration list for PBXNativeTarget "Flashy Cards" */ = {
			isa = XCConfigurationList;
			buildConfigurations = (
				06E22F2523F876F70012622B /* Debug */,
				06E22F2623F876F70012622B /* Release */,
			);
			defaultConfigurationIsVisible = 0;
			defaultConfigurationName = Release;
		};
/* End XCConfigurationList section */
	};
	rootObject = 06E22F0823F876F40012622B /* Project object */;
}
